
Microsoft Visual Studio Solution File, Format Version 12.00
# Visual Studio Version 17
VisualStudioVersion = 17.0.32126.317
MinimumVisualStudioVersion = 10.0.40219.1
Project("{FAE04EC0-301F-11D3-BF4B-00C04F79EFBC}") = "Academia", "Academia.csproj", "{022FDD69-4133-424C-A239-867FD4F68845}"
EndProject
Global
	GlobalSection(SolutionConfigurationPlatforms) = preSolution
		Debug|Any CPU = Debug|Any CPU
		Release|Any CPU = Release|Any CPU
	EndGlobalSection
	GlobalSection(ProjectConfigurationPlatforms) = postSolution
		{022FDD69-4133-424C-A239-867FD4F68845}.Debug|Any CPU.ActiveCfg = Debug|Any CPU
		{022FDD69-4133-424C-A239-867FD4F68845}.Debug|Any CPU.Build.0 = Debug|Any CPU
		{022FDD69-4133-424C-A239-867FD4F68845}.Release|Any CPU.ActiveCfg = Release|Any CPU
		{022FDD69-4133-424C-A239-867FD4F68845}.Release|Any CPU.Build.0 = Release|Any CPU
	EndGlobalSection
	GlobalSection(SolutionProperties) = preSolution
		HideSolutionNode = FALSE
	EndGlobalSection
	GlobalSection(ExtensibilityGlobals) = postSolution
		SolutionGuid = {6042AB98-4EA7-4FD3-A2CD-5042970D6962}
	EndGlobalSection
EndGlobal
